
Microsoft Visual Studio Solution File, Format Version 11.00
# Visual C++ Express 2010
Project("{8BC9CEB8-8B4A-11D0-8D11-00A0C91BC942}") = "simlib", "simlib\simlib.vcxproj", "{AF63E8C3-1303-4404-A024-D92B2FD0570F}"
EndProject
Global
	GlobalSection(SolutionConfigurationPlatforms) = preSolution
		Debug|Win32 = Debug|Win32
		Release|Win32 = Release|Win32
	EndGlobalSection
	GlobalSection(ProjectConfigurationPlatforms) = postSolution
		{AF63E8C3-1303-4404-A024-D92B2FD0570F}.Debug|Win32.ActiveCfg = Debug|Win32
		{AF63E8C3-1303-4404-A024-D92B2FD0570F}.Debug|Win32.Build.0 = Debug|Win32
		{AF63E8C3-1303-4404-A024-D92B2FD0570F}.Release|Win32.ActiveCfg = Release|Win32
		{AF63E8C3-1303-4404-A024-D92B2FD0570F}.Release|Win32.Build.0 = Release|Win32
	EndGlobalSection
	GlobalSection(SolutionProperties) = preSolution
		HideSolutionNode = FALSE
	EndGlobalSection
EndGlobal
